// !$*UTF8*$!
{
	archiveVersion = 1;
	classes = {
	};
	objectVersion = 56;
	objects = {

/* Begin PBXBuildFile section */
		A355FE1E2B2898A500D85800 /* ActivityLevelOption.swift in Sources */ = {isa = PBXBuildFile; fileRef = A355FE1D2B2898A500D85800 /* ActivityLevelOption.swift */; };
		A355FE202B289CEA00D85800 /* ThirdDetailView.swift in Sources */ = {isa = PBXBuildFile; fileRef = A355FE1F2B289CEA00D85800 /* ThirdDetailView.swift */; };
		A35B411A2B249504008F7EC5 /* WeightLossMealsApp.swift in Sources */ = {isa = PBXBuildFile; fileRef = A35B41192B249504008F7EC5 /* WeightLossMealsApp.swift */; };
		A35B411C2B249504008F7EC5 /* ContentView.swift in Sources */ = {isa = PBXBuildFile; fileRef = A35B411B2B249504008F7EC5 /* ContentView.swift */; };
		A35B411E2B249507008F7EC5 /* Assets.xcassets in Resources */ = {isa = PBXBuildFile; fileRef = A35B411D2B249507008F7EC5 /* Assets.xcassets */; };
		A35B41212B249507008F7EC5 /* Preview Assets.xcassets in Resources */ = {isa = PBXBuildFile; fileRef = A35B41202B249507008F7EC5 /* Preview Assets.xcassets */; };
		A3F69F462B263E8B0018B2BA /* FirstDetailView.swift in Sources */ = {isa = PBXBuildFile; fileRef = A3F69F452B263E8B0018B2BA /* FirstDetailView.swift */; };
		A3F69F482B26425A0018B2BA /* SecondDetailView.swift in Sources */ = {isa = PBXBuildFile; fileRef = A3F69F472B26425A0018B2BA /* SecondDetailView.swift */; };
		A3FD8E2E2B2724A9000C6E06 /* CalculateBMR.swift in Sources */ = {isa = PBXBuildFile; fileRef = A3FD8E2D2B2724A9000C6E06 /* CalculateBMR.swift */; };
/* End PBXBuildFile section */

/* Begin PBXFileReference section */
		A355FE1D2B2898A500D85800 /* ActivityLevelOption.swift */ = {isa = PBXFileReference; lastKnownFileType = sourcecode.swift; path = ActivityLevelOption.swift; sourceTree = "<group>"; };
		A355FE1F2B289CEA00D85800 /* ThirdDetailView.swift */ = {isa = PBXFileReference; lastKnownFileType = sourcecode.swift; path = ThirdDetailView.swift; sourceTree = "<group>"; };
		A35B41162B249504008F7EC5 /* WeightLossMeals.app */ = {isa = PBXFileReference; explicitFileType = wrapper.application; includeInIndex = 0; path = WeightLossMeals.app; sourceTree = BUILT_PRODUCTS_DIR; };
		A35B41192B249504008F7EC5 /* WeightLossMealsApp.swift */ = {isa = PBXFileReference; lastKnownFileType = sourcecode.swift; path = WeightLossMealsApp.swift; sourceTree = "<group>"; };
		A35B411B2B249504008F7EC5 /* ContentView.swift */ = {isa = PBXFileReference; lastKnownFileType = sourcecode.swift; path = ContentView.swift; sourceTree = "<group>"; };
		A35B411D2B249507008F7EC5 /* Assets.xcassets */ = {isa = PBXFileReference; lastKnownFileType = folder.assetcatalog; path = Assets.xcassets; sourceTree = "<group>"; };
		A35B41202B249507008F7EC5 /* Preview Assets.xcassets */ = {isa = PBXFileReference; lastKnownFileType = folder.assetcatalog; path = "Preview Assets.xcassets"; sourceTree = "<group>"; };
		A3F69F452B263E8B0018B2BA /* FirstDetailView.swift */ = {isa = PBXFileReference; lastKnownFileType = sourcecode.swift; path = FirstDetailView.swift; sourceTree = "<group>"; };
		A3F69F472B26425A0018B2BA /* SecondDetailView.swift */ = {isa = PBXFileReference; lastKnownFileType = sourcecode.swift; path = SecondDetailView.swift; sourceTree = "<group>"; };
		A3FD8E2D2B2724A9000C6E06 /* CalculateBMR.swift */ = {isa = PBXFileReference; lastKnownFileType = sourcecode.swift; path = CalculateBMR.swift; sourceTree = "<group>"; };
/* End PBXFileReference section */

/* Begin PBXFrameworksBuildPhase section */
		A35B41132B249504008F7EC5 /* Frameworks */ = {
			isa = PBXFrameworksBuildPhase;
			buildActionMask = 2147483647;
			files = (
			);
			runOnlyForDeploymentPostprocessing = 0;
		};
/* End PBXFrameworksBuildPhase section */

/* Begin PBXGroup section */
		A35B410D2B249504008F7EC5 = {
			isa = PBXGroup;
			children = (
				A35B41182B249504008F7EC5 /* WeightLossMeals */,
				A35B41172B249504008F7EC5 /* Products */,
			);
			sourceTree = "<group>";
		};
		A35B41172B249504008F7EC5 /* Products */ = {
			isa = PBXGroup;
			children = (
				A35B41162B249504008F7EC5 /* WeightLossMeals.app */,
			);
			name = Products;
			sourceTree = "<group>";
		};
		A35B41182B249504008F7EC5 /* WeightLossMeals */ = {
			isa = PBXGroup;
			children = (
				A3FD8E2C2B272493000C6E06 /* Helper */,
				A35B41272B24951F008F7EC5 /* Models */,
				A35B41282B249524008F7EC5 /* Views */,
				A35B41292B249528008F7EC5 /* ViewModels */,
				A35B41192B249504008F7EC5 /* WeightLossMealsApp.swift */,
				A35B411B2B249504008F7EC5 /* ContentView.swift */,
				A35B411D2B249507008F7EC5 /* Assets.xcassets */,
				A35B411F2B249507008F7EC5 /* Preview Content */,
			);
			path = WeightLossMeals;
			sourceTree = "<group>";
		};
		A35B411F2B249507008F7EC5 /* Preview Content */ = {
			isa = PBXGroup;
			children = (
				A35B41202B249507008F7EC5 /* Preview Assets.xcassets */,
			);
			path = "Preview Content";
			sourceTree = "<group>";
		};
		A35B41272B24951F008F7EC5 /* Models */ = {
			isa = PBXGroup;
			children = (
			);
			path = Models;
			sourceTree = "<group>";
		};
		A35B41282B249524008F7EC5 /* Views */ = {
			isa = PBXGroup;
			children = (
				A3F69F442B263E6B0018B2BA /* Form */,
			);
			path = Views;
			sourceTree = "<group>";
		};
		A35B41292B249528008F7EC5 /* ViewModels */ = {
			isa = PBXGroup;
			children = (
			);
			path = ViewModels;
			sourceTree = "<group>";
		};
		A3F69F442B263E6B0018B2BA /* Form */ = {
			isa = PBXGroup;
			children = (
				A3F69F452B263E8B0018B2BA /* FirstDetailView.swift */,
				A3F69F472B26425A0018B2BA /* SecondDetailView.swift */,
				A355FE1F2B289CEA00D85800 /* ThirdDetailView.swift */,
			);
			path = Form;
			sourceTree = "<group>";
		};
		A3FD8E2C2B272493000C6E06 /* Helper */ = {
			isa = PBXGroup;
			children = (
				A3FD8E2D2B2724A9000C6E06 /* CalculateBMR.swift */,
				A355FE1D2B2898A500D85800 /* ActivityLevelOption.swift */,
			);
			path = Helper;
			sourceTree = "<group>";
		};
/* End PBXGroup section */

/* Begin PBXNativeTarget section */
		A35B41152B249504008F7EC5 /* WeightLossMeals */ = {
			isa = PBXNativeTarget;
			buildConfigurationList = A35B41242B249507008F7EC5 /* Build configuration list for PBXNativeTarget "WeightLossMeals" */;
			buildPhases = (
				A35B41122B249504008F7EC5 /* Sources */,
				A35B41132B249504008F7EC5 /* Frameworks */,
				A35B41142B249504008F7EC5 /* Resources */,
			);
			buildRules = (
			);
			dependencies = (
			);
			name = WeightLossMeals;
			productName = WeightLossMeals;
			productReference = A35B41162B249504008F7EC5 /* WeightLossMeals.app */;
			productType = "com.apple.product-type.application";
		};
/* End PBXNativeTarget section */

/* Begin PBXProject section */
		A35B410E2B249504008F7EC5 /* Project object */ = {
			isa = PBXProject;
			attributes = {
				BuildIndependentTargetsInParallel = 1;
				LastSwiftUpdateCheck = 1500;
				LastUpgradeCheck = 1500;
				TargetAttributes = {
					A35B41152B249504008F7EC5 = {
						CreatedOnToolsVersion = 15.0.1;
					};
				};
			};
			buildConfigurationList = A35B41112B249504008F7EC5 /* Build configuration list for PBXProject "WeightLossMeals" */;
			compatibilityVersion = "Xcode 14.0";
			developmentRegion = en;
			hasScannedForEncodings = 0;
			knownRegions = (
				en,
				Base,
			);
			mainGroup = A35B410D2B249504008F7EC5;
			productRefGroup = A35B41172B249504008F7EC5 /* Products */;
			projectDirPath = "";
			projectRoot = "";
			targets = (
				A35B41152B249504008F7EC5 /* WeightLossMeals */,
			);
		};
/* End PBXProject section */

/* Begin PBXResourcesBuildPhase section */
		A35B41142B249504008F7EC5 /* Resources */ = {
			isa = PBXResourcesBuildPhase;
			buildActionMask = 2147483647;
			files = (
				A35B41212B249507008F7EC5 /* Preview Assets.xcassets in Resources */,
				A35B411E2B249507008F7EC5 /* Assets.xcassets in Resources */,
			);
			runOnlyForDeploymentPostprocessing = 0;
		};
/* End PBXResourcesBuildPhase section */

/* Begin PBXSourcesBuildPhase section */
		A35B41122B249504008F7EC5 /* Sources */ = {
			isa = PBXSourcesBuildPhase;
			buildActionMask = 2147483647;
			files = (
				A3F69F462B263E8B0018B2BA /* FirstDetailView.swift in Sources */,
				A355FE1E2B2898A500D85800 /* ActivityLevelOption.swift in Sources */,
				A355FE202B289CEA00D85800 /* ThirdDetailView.swift in Sources */,
				A35B411C2B249504008F7EC5 /* ContentView.swift in Sources */,
				A3FD8E2E2B2724A9000C6E06 /* CalculateBMR.swift in Sources */,
				A35B411A2B249504008F7EC5 /* WeightLossMealsApp.swift in Sources */,
				A3F69F482B26425A0018B2BA /* SecondDetailView.swift in Sources */,
			);
			runOnlyForDeploymentPostprocessing = 0;
		};
/* End PBXSourcesBuildPhase section */

/* Begin XCBuildConfiguration section */
		A35B41222B249507008F7EC5 /* Debug */ = {
			isa = XCBuildConfiguration;
			buildSettings = {
				ALWAYS_SEARCH_USER_PATHS = NO;
				ASSETCATALOG_COMPILER_GENERATE_SWIFT_ASSET_SYMBOL_EXTENSIONS = YES;
				CLANG_ANALYZER_NONNULL = YES;
				CLANG_ANALYZER_NUMBER_OBJECT_CONVERSION = YES_AGGRESSIVE;
				CLANG_CXX_LANGUAGE_STANDARD = "gnu++20";
				CLANG_ENABLE_MODULES = YES;
				CLANG_ENABLE_OBJC_ARC = YES;
				CLANG_ENABLE_OBJC_WEAK = YES;
				CLANG_WARN_BLOCK_CAPTURE_AUTORELEASING = YES;
				CLANG_WARN_BOOL_CONVERSION = YES;
				CLANG_WARN_COMMA = YES;
				CLANG_WARN_CONSTANT_CONVERSION = YES;
				CLANG_WARN_DEPRECATED_OBJC_IMPLEMENTATIONS = YES;
				CLANG_WARN_DIRECT_OBJC_ISA_USAGE = YES_ERROR;
				CLANG_WARN_DOCUMENTATION_COMMENTS = YES;
				CLANG_WARN_EMPTY_BODY = YES;
				CLANG_WARN_ENUM_CONVERSION = YES;
				CLANG_WARN_INFINITE_RECURSION = YES;
				CLANG_WARN_INT_CONVERSION = YES;
				CLANG_WARN_NON_LITERAL_NULL_CONVERSION = YES;
				CLANG_WARN_OBJC_IMPLICIT_RETAIN_SELF = YES;
				CLANG_WARN_OBJC_LITERAL_CONVERSION = YES;
				CLANG_WARN_OBJC_ROOT_CLASS = YES_ERROR;
				CLANG_WARN_QUOTED_INCLUDE_IN_FRAMEWORK_HEADER = YES;
				CLANG_WARN_RANGE_LOOP_ANALYSIS = YES;
				CLANG_WARN_STRICT_PROTOTYPES = YES;
				CLANG_WARN_SUSPICIOUS_MOVE = YES;
				CLANG_WARN_UNGUARDED_AVAILABILITY = YES_AGGRESSIVE;
				CLANG_WARN_UNREACHABLE_CODE = YES;
				CLANG_WARN__DUPLICATE_METHOD_MATCH = YES;
				COPY_PHASE_STRIP = NO;
				DEBUG_INFORMATION_FORMAT = dwarf;
				ENABLE_STRICT_OBJC_MSGSEND = YES;
				ENABLE_TESTABILITY = YES;
				ENABLE_USER_SCRIPT_SANDBOXING = YES;
				GCC_C_LANGUAGE_STANDARD = gnu17;
				GCC_DYNAMIC_NO_PIC = NO;
				GCC_NO_COMMON_BLOCKS = YES;
				GCC_OPTIMIZATION_LEVEL = 0;
				GCC_PREPROCESSOR_DEFINITIONS = (
					"DEBUG=1",
					"$(inherited)",
				);
				GCC_WARN_64_TO_32_BIT_CONVERSION = YES;
				GCC_WARN_ABOUT_RETURN_TYPE = YES_ERROR;
				GCC_WARN_UNDECLARED_SELECTOR = YES;
				GCC_WARN_UNINITIALIZED_AUTOS = YES_AGGRESSIVE;
				GCC_WARN_UNUSED_FUNCTION = YES;
				GCC_WARN_UNUSED_VARIABLE = YES;
				IPHONEOS_DEPLOYMENT_TARGET = 17.0;
				LOCALIZATION_PREFERS_STRING_CATALOGS = YES;
				MTL_ENABLE_DEBUG_INFO = INCLUDE_SOURCE;
				MTL_FAST_MATH = YES;
				ONLY_ACTIVE_ARCH = YES;
				SDKROOT = iphoneos;
				SWIFT_ACTIVE_COMPILATION_CONDITIONS = "DEBUG $(inherited)";
				SWIFT_OPTIMIZATION_LEVEL = "-Onone";
			};
			name = Debug;
		};
		A35B41232B249507008F7EC5 /* Release */ = {
			isa = XCBuildConfiguration;
			buildSettings = {
				ALWAYS_SEARCH_USER_PATHS = NO;
				ASSETCATALOG_COMPILER_GENERATE_SWIFT_ASSET_SYMBOL_EXTENSIONS = YES;
				CLANG_ANALYZER_NONNULL = YES;
				CLANG_ANALYZER_NUMBER_OBJECT_CONVERSION = YES_AGGRESSIVE;
				CLANG_CXX_LANGUAGE_STANDARD = "gnu++20";
				CLANG_ENABLE_MODULES = YES;
				CLANG_ENABLE_OBJC_ARC = YES;
				CLANG_ENABLE_OBJC_WEAK = YES;
				CLANG_WARN_BLOCK_CAPTURE_AUTORELEASING = YES;
				CLANG_WARN_BOOL_CONVERSION = YES;
				CLANG_WARN_COMMA = YES;
				CLANG_WARN_CONSTANT_CONVERSION = YES;
				CLANG_WARN_DEPRECATED_OBJC_IMPLEMENTATIONS = YES;
				CLANG_WARN_DIRECT_OBJC_ISA_USAGE = YES_ERROR;
				CLANG_WARN_DOCUMENTATION_COMMENTS = YES;
				CLANG_WARN_EMPTY_BODY = YES;
				CLANG_WARN_ENUM_CONVERSION = YES;
				CLANG_WARN_INFINITE_RECURSION = YES;
				CLANG_WARN_INT_CONVERSION = YES;
				CLANG_WARN_NON_LITERAL_NULL_CONVERSION = YES;
				CLANG_WARN_OBJC_IMPLICIT_RETAIN_SELF = YES;
				CLANG_WARN_OBJC_LITERAL_CONVERSION = YES;
				CLANG_WARN_OBJC_ROOT_CLASS = YES_ERROR;
				CLANG_WARN_QUOTED_INCLUDE_IN_FRAMEWORK_HEADER = YES;
				CLANG_WARN_RANGE_LOOP_ANALYSIS = YES;
				CLANG_WARN_STRICT_PROTOTYPES = YES;
				CLANG_WARN_SUSPICIOUS_MOVE = YES;
				CLANG_WARN_UNGUARDED_AVAILABILITY = YES_AGGRESSIVE;
				CLANG_WARN_UNREACHABLE_CODE = YES;
				CLANG_WARN__DUPLICATE_METHOD_MATCH = YES;
				COPY_PHASE_STRIP = NO;
				DEBUG_INFORMATION_FORMAT = "dwarf-with-dsym";
				ENABLE_NS_ASSERTIONS = NO;
				ENABLE_STRICT_OBJC_MSGSEND = YES;
				ENABLE_USER_SCRIPT_SANDBOXING = YES;
				GCC_C_LANGUAGE_STANDARD = gnu17;
				GCC_NO_COMMON_BLOCKS = YES;
				GCC_WARN_64_TO_32_BIT_CONVERSION = YES;
				GCC_WARN_ABOUT_RETURN_TYPE = YES_ERROR;
				GCC_WARN_UNDECLARED_SELECTOR = YES;
				GCC_WARN_UNINITIALIZED_AUTOS = YES_AGGRESSIVE;
				GCC_WARN_UNUSED_FUNCTION = YES;
				GCC_WARN_UNUSED_VARIABLE = YES;
				IPHONEOS_DEPLOYMENT_TARGET = 17.0;
				LOCALIZATION_PREFERS_STRING_CATALOGS = YES;
				MTL_ENABLE_DEBUG_INFO = NO;
				MTL_FAST_MATH = YES;
				SDKROOT = iphoneos;
				SWIFT_COMPILATION_MODE = wholemodule;
				VALIDATE_PRODUCT = YES;
			};
			name = Release;
		};
		A35B41252B249507008F7EC5 /* Debug */ = {
			isa = XCBuildConfiguration;
			buildSettings = {
				ASSETCATALOG_COMPILER_APPICON_NAME = AppIcon;
				ASSETCATALOG_COMPILER_GLOBAL_ACCENT_COLOR_NAME = AccentColor;
				CODE_SIGN_STYLE = Automatic;
				CURRENT_PROJECT_VERSION = 1;
				DEVELOPMENT_ASSET_PATHS = "\"WeightLossMeals/Preview Content\"";
				DEVELOPMENT_TEAM = 33KG33NLFD;
				ENABLE_PREVIEWS = YES;
				GENERATE_INFOPLIST_FILE = YES;
				INFOPLIST_KEY_UIApplicationSceneManifest_Generation = YES;
				INFOPLIST_KEY_UIApplicationSupportsIndirectInputEvents = YES;
				INFOPLIST_KEY_UILaunchScreen_Generation = YES;
				INFOPLIST_KEY_UISupportedInterfaceOrientations_iPad = "UIInterfaceOrientationPortrait UIInterfaceOrientationPortraitUpsideDown UIInterfaceOrientationLandscapeLeft UIInterfaceOrientationLandscapeRight";
				INFOPLIST_KEY_UISupportedInterfaceOrientations_iPhone = "UIInterfaceOrientationPortrait UIInterfaceOrientationLandscapeLeft UIInterfaceOrientationLandscapeRight";
				LD_RUNPATH_SEARCH_PATHS = (
					"$(inherited)",
					"@executable_path/Frameworks",
				);
				MARKETING_VERSION = 1.0;
				PRODUCT_BUNDLE_IDENTIFIER = com.tayamirai.WeightLossMeals;
				PRODUCT_NAME = "$(TARGET_NAME)";
				SWIFT_EMIT_LOC_STRINGS = YES;
				SWIFT_VERSION = 5.0;
				TARGETED_DEVICE_FAMILY = "1,2";
			};
			name = Debug;
		};
		A35B41262B249507008F7EC5 /* Release */ = {
			isa = XCBuildConfiguration;
			buildSettings = {
				ASSETCATALOG_COMPILER_APPICON_NAME = AppIcon;
				ASSETCATALOG_COMPILER_GLOBAL_ACCENT_COLOR_NAME = AccentColor;
				CODE_SIGN_STYLE = Automatic;
				CURRENT_PROJECT_VERSION = 1;
				DEVELOPMENT_ASSET_PATHS = "\"WeightLossMeals/Preview Content\"";
				DEVELOPMENT_TEAM = 33KG33NLFD;
				ENABLE_PREVIEWS = YES;
				GENERATE_INFOPLIST_FILE = YES;
				INFOPLIST_KEY_UIApplicationSceneManifest_Generation = YES;
				INFOPLIST_KEY_UIApplicationSupportsIndirectInputEvents = YES;
				INFOPLIST_KEY_UILaunchScreen_Generation = YES;
				INFOPLIST_KEY_UISupportedInterfaceOrientations_iPad = "UIInterfaceOrientationPortrait UIInterfaceOrientationPortraitUpsideDown UIInterfaceOrientationLandscapeLeft UIInterfaceOrientationLandscapeRight";
				INFOPLIST_KEY_UISupportedInterfaceOrientations_iPhone = "UIInterfaceOrientationPortrait UIInterfaceOrientationLandscapeLeft UIInterfaceOrientationLandscapeRight";
				LD_RUNPATH_SEARCH_PATHS = (
					"$(inherited)",
					"@executable_path/Frameworks",
				);
				MARKETING_VERSION = 1.0;
				PRODUCT_BUNDLE_IDENTIFIER = com.tayamirai.WeightLossMeals;
				PRODUCT_NAME = "$(TARGET_NAME)";
				SWIFT_EMIT_LOC_STRINGS = YES;
				SWIFT_VERSION = 5.0;
				TARGETED_DEVICE_FAMILY = "1,2";
			};
			name = Release;
		};
/* End XCBuildConfiguration section */

/* Begin XCConfigurationList section */
		A35B41112B249504008F7EC5 /* Build configuration list for PBXProject "WeightLossMeals" */ = {
			isa = XCConfigurationList;
			buildConfigurations = (
				A35B41222B249507008F7EC5 /* Debug */,
				A35B41232B249507008F7EC5 /* Release */,
			);
			defaultConfigurationIsVisible = 0;
			defaultConfigurationName = Release;
		};
		A35B41242B249507008F7EC5 /* Build configuration list for PBXNativeTarget "WeightLossMeals" */ = {
			isa = XCConfigurationList;
			buildConfigurations = (
				A35B41252B249507008F7EC5 /* Debug */,
				A35B41262B249507008F7EC5 /* Release */,
			);
			defaultConfigurationIsVisible = 0;
			defaultConfigurationName = Release;
		};
/* End XCConfigurationList section */
	};
	rootObject = A35B410E2B249504008F7EC5 /* Project object */;
}
